
Microsoft Visual Studio Solution File, Format Version 12.00
# Visual Studio Version 17
VisualStudioVersion = 17.6.33927.249
MinimumVisualStudioVersion = 10.0.40219.1
Project("{2150E333-8FDC-42A3-9474-1A3956D46DE8}") = "01. Backend", "01. Backend", "{B13DE5B5-C722-43A4-AA1C-CA24966D1B62}"
EndProject
Project("{2150E333-8FDC-42A3-9474-1A3956D46DE8}") = "02. Compartidos", "02. Compartidos", "{FEEB00F2-E80B-4CF3-A6E9-6E5B1CDA5406}"
EndProject
Project("{2150E333-8FDC-42A3-9474-1A3956D46DE8}") = "01. Entidades", "01. Entidades", "{6971188B-BF01-461E-8667-6D676AC23784}"
EndProject
Project("{2150E333-8FDC-42A3-9474-1A3956D46DE8}") = "02. Acceso a Datos", "02. Acceso a Datos", "{046C0DF4-BA7D-41D3-820E-7D4BF4472630}"
EndProject
Project("{2150E333-8FDC-42A3-9474-1A3956D46DE8}") = "03. Logica de Negocio", "03. Logica de Negocio", "{BECD4E8E-AEC7-48A1-B681-72F9555B750A}"
EndProject
Project("{2150E333-8FDC-42A3-9474-1A3956D46DE8}") = "04. API REST", "04. API REST", "{64185292-6550-4843-A3C5-DE8AAB3001F7}"
EndProject
Project("{9A19103F-16F7-4668-BE54-9A1E7A4F7556}") = "VentaGalaxy.Entities", "VentaGalaxy.Entidades\VentaGalaxy.Entities.csproj", "{1E3F0C94-D84E-4A89-8079-0AFE757F82EF}"
EndProject
Project("{9A19103F-16F7-4668-BE54-9A1E7A4F7556}") = "VentaGalaxy.DataAccess", "VentaGalaxy.DataAccess\VentaGalaxy.DataAccess.csproj", "{580C5F2D-58D2-4B80-9FD5-E29C96D42504}"
EndProject
Project("{9A19103F-16F7-4668-BE54-9A1E7A4F7556}") = "VentaGalaxy.Repositories", "VentaGalaxy.Repositories\VentaGalaxy.Repositories.csproj", "{3DD5258E-C89C-46AD-92A8-C2D9F1668861}"
EndProject
Project("{9A19103F-16F7-4668-BE54-9A1E7A4F7556}") = "VentaGalaxy.Services", "VentaGalaxy.Services\VentaGalaxy.Services.csproj", "{E00F81D1-A634-4E30-8D11-B631BE78A3B9}"
EndProject
Project("{2150E333-8FDC-42A3-9474-1A3956D46DE8}") = "05. Pruebas Unitarias", "05. Pruebas Unitarias", "{2EB4C9A4-841D-4E28-952A-21BDCD646850}"
EndProject
Project("{9A19103F-16F7-4668-BE54-9A1E7A4F7556}") = "VentaGalaxy.WebService", "VentaGalaxy.WebService\VentaGalaxy.WebService.csproj", "{D73F60BC-2218-4E49-A6FB-72FEC448F193}"
EndProject
Project("{9A19103F-16F7-4668-BE54-9A1E7A4F7556}") = "VentaGalaxy.UnitTest", "VentaGalaxy.UnitTest\VentaGalaxy.UnitTest.csproj", "{884F6093-D06B-4E71-98CD-B06C36FECCD3}"
EndProject
Project("{9A19103F-16F7-4668-BE54-9A1E7A4F7556}") = "VentaGalaxy.Shared", "VentaGalaxy.Shared\VentaGalaxy.Shared.csproj", "{79CE6C9A-B9A0-4B0F-8DEE-8DF182790751}"
EndProject
Global
	GlobalSection(SolutionConfigurationPlatforms) = preSolution
		Debug|Any CPU = Debug|Any CPU
		Release|Any CPU = Release|Any CPU
	EndGlobalSection
	GlobalSection(ProjectConfigurationPlatforms) = postSolution
		{1E3F0C94-D84E-4A89-8079-0AFE757F82EF}.Debug|Any CPU.ActiveCfg = Debug|Any CPU
		{1E3F0C94-D84E-4A89-8079-0AFE757F82EF}.Debug|Any CPU.Build.0 = Debug|Any CPU
		{1E3F0C94-D84E-4A89-8079-0AFE757F82EF}.Release|Any CPU.ActiveCfg = Release|Any CPU
		{1E3F0C94-D84E-4A89-8079-0AFE757F82EF}.Release|Any CPU.Build.0 = Release|Any CPU
		{580C5F2D-58D2-4B80-9FD5-E29C96D42504}.Debug|Any CPU.ActiveCfg = Debug|Any CPU
		{580C5F2D-58D2-4B80-9FD5-E29C96D42504}.Debug|Any CPU.Build.0 = Debug|Any CPU
		{580C5F2D-58D2-4B80-9FD5-E29C96D42504}.Release|Any CPU.ActiveCfg = Release|Any CPU
		{580C5F2D-58D2-4B80-9FD5-E29C96D42504}.Release|Any CPU.Build.0 = Release|Any CPU
		{3DD5258E-C89C-46AD-92A8-C2D9F1668861}.Debug|Any CPU.ActiveCfg = Debug|Any CPU
		{3DD5258E-C89C-46AD-92A8-C2D9F1668861}.Debug|Any CPU.Build.0 = Debug|Any CPU
		{3DD5258E-C89C-46AD-92A8-C2D9F1668861}.Release|Any CPU.ActiveCfg = Release|Any CPU
		{3DD5258E-C89C-46AD-92A8-C2D9F1668861}.Release|Any CPU.Build.0 = Release|Any CPU
		{E00F81D1-A634-4E30-8D11-B631BE78A3B9}.Debug|Any CPU.ActiveCfg = Debug|Any CPU
		{E00F81D1-A634-4E30-8D11-B631BE78A3B9}.Debug|Any CPU.Build.0 = Debug|Any CPU
		{E00F81D1-A634-4E30-8D11-B631BE78A3B9}.Release|Any CPU.ActiveCfg = Release|Any CPU
		{E00F81D1-A634-4E30-8D11-B631BE78A3B9}.Release|Any CPU.Build.0 = Release|Any CPU
		{D73F60BC-2218-4E49-A6FB-72FEC448F193}.Debug|Any CPU.ActiveCfg = Debug|Any CPU
		{D73F60BC-2218-4E49-A6FB-72FEC448F193}.Debug|Any CPU.Build.0 = Debug|Any CPU
		{D73F60BC-2218-4E49-A6FB-72FEC448F193}.Release|Any CPU.ActiveCfg = Release|Any CPU
		{D73F60BC-2218-4E49-A6FB-72FEC448F193}.Release|Any CPU.Build.0 = Release|Any CPU
		{884F6093-D06B-4E71-98CD-B06C36FECCD3}.Debug|Any CPU.ActiveCfg = Debug|Any CPU
		{884F6093-D06B-4E71-98CD-B06C36FECCD3}.Debug|Any CPU.Build.0 = Debug|Any CPU
		{884F6093-D06B-4E71-98CD-B06C36FECCD3}.Release|Any CPU.ActiveCfg = Release|Any CPU
		{884F6093-D06B-4E71-98CD-B06C36FECCD3}.Release|Any CPU.Build.0 = Release|Any CPU
		{79CE6C9A-B9A0-4B0F-8DEE-8DF182790751}.Debug|Any CPU.ActiveCfg = Debug|Any CPU
		{79CE6C9A-B9A0-4B0F-8DEE-8DF182790751}.Debug|Any CPU.Build.0 = Debug|Any CPU
		{79CE6C9A-B9A0-4B0F-8DEE-8DF182790751}.Release|Any CPU.ActiveCfg = Release|Any CPU
		{79CE6C9A-B9A0-4B0F-8DEE-8DF182790751}.Release|Any CPU.Build.0 = Release|Any CPU
	EndGlobalSection
	GlobalSection(SolutionProperties) = preSolution
		HideSolutionNode = FALSE
	EndGlobalSection
	GlobalSection(NestedProjects) = preSolution
		{6971188B-BF01-461E-8667-6D676AC23784} = {B13DE5B5-C722-43A4-AA1C-CA24966D1B62}
		{046C0DF4-BA7D-41D3-820E-7D4BF4472630} = {B13DE5B5-C722-43A4-AA1C-CA24966D1B62}
		{BECD4E8E-AEC7-48A1-B681-72F9555B750A} = {B13DE5B5-C722-43A4-AA1C-CA24966D1B62}
		{64185292-6550-4843-A3C5-DE8AAB3001F7} = {B13DE5B5-C722-43A4-AA1C-CA24966D1B62}
		{1E3F0C94-D84E-4A89-8079-0AFE757F82EF} = {6971188B-BF01-461E-8667-6D676AC23784}
		{580C5F2D-58D2-4B80-9FD5-E29C96D42504} = {046C0DF4-BA7D-41D3-820E-7D4BF4472630}
		{3DD5258E-C89C-46AD-92A8-C2D9F1668861} = {046C0DF4-BA7D-41D3-820E-7D4BF4472630}
		{E00F81D1-A634-4E30-8D11-B631BE78A3B9} = {BECD4E8E-AEC7-48A1-B681-72F9555B750A}
		{2EB4C9A4-841D-4E28-952A-21BDCD646850} = {B13DE5B5-C722-43A4-AA1C-CA24966D1B62}
		{D73F60BC-2218-4E49-A6FB-72FEC448F193} = {64185292-6550-4843-A3C5-DE8AAB3001F7}
		{884F6093-D06B-4E71-98CD-B06C36FECCD3} = {2EB4C9A4-841D-4E28-952A-21BDCD646850}
		{79CE6C9A-B9A0-4B0F-8DEE-8DF182790751} = {FEEB00F2-E80B-4CF3-A6E9-6E5B1CDA5406}
	EndGlobalSection
	GlobalSection(ExtensibilityGlobals) = postSolution
		SolutionGuid = {D1E4A65C-7143-4EAD-B247-2A3EEAA5B66E}
	EndGlobalSection
EndGlobal
